
Microsoft Visual Studio Solution File, Format Version 12.00
# Visual Studio Version 16
VisualStudioVersion = 16.0.31321.278
MinimumVisualStudioVersion = 10.0.40219.1
Project("{9A19103F-16F7-4668-BE54-9A1E7A4F7556}") = "PdfSharpNET.Xps", "PdfSharp.Xps\PdfSharpNET.Xps.csproj", "{20A6BE7F-B91A-42C2-9FD9-31F3DB756185}"
EndProject
Project("{9A19103F-16F7-4668-BE54-9A1E7A4F7556}") = "PdfSharpNet", "PdfSharp\PdfSharpNet.csproj", "{05F2E3E3-8220-4868-8B31-61B687E4FA7D}"
EndProject
Global
	GlobalSection(SolutionConfigurationPlatforms) = preSolution
		Debug|Any CPU = Debug|Any CPU
		Release|Any CPU = Release|Any CPU
	EndGlobalSection
	GlobalSection(ProjectConfigurationPlatforms) = postSolution
		{20A6BE7F-B91A-42C2-9FD9-31F3DB756185}.Debug|Any CPU.ActiveCfg = Debug|Any CPU
		{20A6BE7F-B91A-42C2-9FD9-31F3DB756185}.Debug|Any CPU.Build.0 = Debug|Any CPU
		{20A6BE7F-B91A-42C2-9FD9-31F3DB756185}.Release|Any CPU.ActiveCfg = Release|Any CPU
		{20A6BE7F-B91A-42C2-9FD9-31F3DB756185}.Release|Any CPU.Build.0 = Release|Any CPU
		{05F2E3E3-8220-4868-8B31-61B687E4FA7D}.Debug|Any CPU.ActiveCfg = Debug|Any CPU
		{05F2E3E3-8220-4868-8B31-61B687E4FA7D}.Debug|Any CPU.Build.0 = Debug|Any CPU
		{05F2E3E3-8220-4868-8B31-61B687E4FA7D}.Release|Any CPU.ActiveCfg = Release|Any CPU
		{05F2E3E3-8220-4868-8B31-61B687E4FA7D}.Release|Any CPU.Build.0 = Release|Any CPU
	EndGlobalSection
	GlobalSection(SolutionProperties) = preSolution
		HideSolutionNode = FALSE
	EndGlobalSection
	GlobalSection(ExtensibilityGlobals) = postSolution
		SolutionGuid = {B6EDDB78-59F1-48B3-9C79-38EB53EBAB01}
	EndGlobalSection
EndGlobal
